PODS:
  - SDWebImage/Core (4.3.3)
  - SDWebImageHEIFCoder (0.1.0):
    - SDWebImage/Core (~> 4.2)
    - SDWebImageHEIFCoder/libde265 (= 0.1.0)
    - SDWebImageHEIFCoder/libx265 (= 0.1.0)
  - SDWebImageHEIFCoder/libde265 (0.1.0):
    - SDWebImage/Core (~> 4.2)
  - SDWebImageHEIFCoder/libx265 (0.1.0):
    - SDWebImage/Core (~> 4.2)

DEPENDENCIES:
  - SDWebImage/Core (from `https://github.com/rs/SDWebImage.git`, branch `5.x`)
  - SDWebImageHEIFCoder (from `../`)

EXTERNAL SOURCES:
  SDWebImage:
    :branch: 5.x
    :git: https://github.com/rs/SDWebImage.git
  SDWebImageHEIFCoder:
    :path: ../

CHECKOUT OPTIONS:
  SDWebImage:
    :commit: ebfe2cedc21adad88e41e7c2d2b8b10a5cf0ff2e
    :git: https://github.com/rs/SDWebImage.git

SPEC CHECKSUMS:
  SDWebImage: c16d644f1f195cec9e630cbc25acaaabab25d1b0
  SDWebImageHEIFCoder: 8d99ea3baa68f1e67e1f0069689f6649b3718468

PODFILE CHECKSUM: e8343e7c017798a49022c1cfd4a9cacd3eb84708

COCOAPODS: 1.4.0
