PODS:
  - SDWebImage/Core (4.4.2)
  - SDWebImageHEIFCoder/libde265 (0.1.2):
    - SDWebImage/Core (~> 4.2)
    - SDWebImageHEIFCoder/libheif
  - SDWebImageHEIFCoder/libheif (0.1.2):
    - SDWebImage/Core (~> 4.2)
  - SDWebImageHEIFCoder/libx265 (0.1.2):
    - SDWebImage/Core (~> 4.2)
    - SDWebImageHEIFCoder/libheif

DEPENDENCIES:
  - SDWebImageHEIFCoder/libde265 (from `../`)
  - SDWebImageHEIFCoder/libx265 (from `../`)

SPEC REPOS:
  https://github.com/cocoapods/specs.git:
    - SDWebImage

EXTERNAL SOURCES:
  SDWebImageHEIFCoder:
    :path: "../"

SPEC CHECKSUMS:
  SDWebImage: 624d6e296c69b244bcede364c72ae0430ac14681
  SDWebImageHEIFCoder: fa5516639b2a7e14430ffa6a74826407778b2ce7

PODFILE CHECKSUM: 6f0273ee2365d3edb08042f707a55bcbb5085458

COCOAPODS: 1.5.3
