PODS:
  - SDWebImage/Core (4.3.3)
  - SDWebImageHEIFCoder (0.1.0):
    - SDWebImage/Core (~> 4.2)
    - SDWebImageHEIFCoder/libde265 (= 0.1.0)
    - SDWebImageHEIFCoder/libx265 (= 0.1.0)
  - SDWebImageHEIFCoder/libde265 (0.1.0):
    - SDWebImage/Core (~> 4.2)
  - SDWebImageHEIFCoder/libx265 (0.1.0):
    - SDWebImage/Core (~> 4.2)

DEPENDENCIES:
  - SDWebImageHEIFCoder (from `../`)

EXTERNAL SOURCES:
  SDWebImageHEIFCoder:
    :path: ../

SPEC CHECKSUMS:
  SDWebImage: de4d90b5bff3571eae7bd16202b1f43135409fa5
  SDWebImageHEIFCoder: 8d99ea3baa68f1e67e1f0069689f6649b3718468

PODFILE CHECKSUM: e55953b77c58aa714bbbe274a51f0dae78ac0d19

COCOAPODS: 1.4.0
